
Microsoft Visual Studio Solution File, Format Version 12.00
# Visual Studio Version 17
VisualStudioVersion = 17.4.33213.308
MinimumVisualStudioVersion = 10.0.40219.1
Project("{FAE04EC0-301F-11D3-BF4B-00C04F79EFBC}") = "AppA", "AppA\AppA\AppA.csproj", "{455E71C6-43CC-4619-A389-1B991747A32F}"
EndProject
Project("{FAE04EC0-301F-11D3-BF4B-00C04F79EFBC}") = "AppATests", "AppA\AppATests\AppATests.csproj", "{1864D732-C745-481E-A379-2A694812C1A0}"
EndProject
Project("{FAE04EC0-301F-11D3-BF4B-00C04F79EFBC}") = "ApplicationB", "ApplicationB\ApplicationB\ApplicationB.csproj", "{D0FFCBB6-307A-4D54-A196-05784AF7B1C7}"
EndProject
Project("{FAE04EC0-301F-11D3-BF4B-00C04F79EFBC}") = "ApplicationBTests", "ApplicationBTests\ApplicationBTests.csproj", "{AFF4774C-B9FC-4AF5-AC33-B6311313B1ED}"
EndProject
Global
	GlobalSection(SolutionConfigurationPlatforms) = preSolution
		Debug|Any CPU = Debug|Any CPU
		Release|Any CPU = Release|Any CPU
	EndGlobalSection
	GlobalSection(ProjectConfigurationPlatforms) = postSolution
		{455E71C6-43CC-4619-A389-1B991747A32F}.Debug|Any CPU.ActiveCfg = Debug|Any CPU
		{455E71C6-43CC-4619-A389-1B991747A32F}.Debug|Any CPU.Build.0 = Debug|Any CPU
		{455E71C6-43CC-4619-A389-1B991747A32F}.Release|Any CPU.ActiveCfg = Release|Any CPU
		{455E71C6-43CC-4619-A389-1B991747A32F}.Release|Any CPU.Build.0 = Release|Any CPU
		{1864D732-C745-481E-A379-2A694812C1A0}.Debug|Any CPU.ActiveCfg = Debug|Any CPU
		{1864D732-C745-481E-A379-2A694812C1A0}.Debug|Any CPU.Build.0 = Debug|Any CPU
		{1864D732-C745-481E-A379-2A694812C1A0}.Release|Any CPU.ActiveCfg = Release|Any CPU
		{1864D732-C745-481E-A379-2A694812C1A0}.Release|Any CPU.Build.0 = Release|Any CPU
		{D0FFCBB6-307A-4D54-A196-05784AF7B1C7}.Debug|Any CPU.ActiveCfg = Debug|Any CPU
		{D0FFCBB6-307A-4D54-A196-05784AF7B1C7}.Debug|Any CPU.Build.0 = Debug|Any CPU
		{D0FFCBB6-307A-4D54-A196-05784AF7B1C7}.Release|Any CPU.ActiveCfg = Release|Any CPU
		{D0FFCBB6-307A-4D54-A196-05784AF7B1C7}.Release|Any CPU.Build.0 = Release|Any CPU
		{AFF4774C-B9FC-4AF5-AC33-B6311313B1ED}.Debug|Any CPU.ActiveCfg = Debug|Any CPU
		{AFF4774C-B9FC-4AF5-AC33-B6311313B1ED}.Debug|Any CPU.Build.0 = Debug|Any CPU
		{AFF4774C-B9FC-4AF5-AC33-B6311313B1ED}.Release|Any CPU.ActiveCfg = Release|Any CPU
		{AFF4774C-B9FC-4AF5-AC33-B6311313B1ED}.Release|Any CPU.Build.0 = Release|Any CPU
	EndGlobalSection
	GlobalSection(SolutionProperties) = preSolution
		HideSolutionNode = FALSE
	EndGlobalSection
	GlobalSection(ExtensibilityGlobals) = postSolution
		SolutionGuid = {3D96074F-B254-4091-94F5-4D44402FF241}
	EndGlobalSection
EndGlobal
