
Microsoft Visual Studio Solution File, Format Version 12.00
Project("{FAE04EC0-301F-11D3-BF4B-00C04F79EFBC}") = "ApplicationB", "ApplicationB\ApplicationB.csproj", "{89055D2F-9654-4D07-BE3E-45067D1D0574}"
EndProject
Global
	GlobalSection(SolutionConfigurationPlatforms) = preSolution
		Debug|Any CPU = Debug|Any CPU
		Release|Any CPU = Release|Any CPU
	EndGlobalSection
	GlobalSection(ProjectConfigurationPlatforms) = postSolution
		{89055D2F-9654-4D07-BE3E-45067D1D0574}.Debug|Any CPU.ActiveCfg = Debug|Any CPU
		{89055D2F-9654-4D07-BE3E-45067D1D0574}.Debug|Any CPU.Build.0 = Debug|Any CPU
		{89055D2F-9654-4D07-BE3E-45067D1D0574}.Release|Any CPU.ActiveCfg = Release|Any CPU
		{89055D2F-9654-4D07-BE3E-45067D1D0574}.Release|Any CPU.Build.0 = Release|Any CPU
	EndGlobalSection
EndGlobal
